
Microsoft Visual Studio Solution File, Format Version 12.00
# Visual Studio Version 16
VisualStudioVersion = 16.0.31205.134
MinimumVisualStudioVersion = 10.0.40219.1
Project("{FAE04EC0-301F-11D3-BF4B-00C04F79EFBC}") = "MiCalculadora", "MiCalculadora\MiCalculadora.csproj", "{0B6F8EAF-0366-404E-9A37-92EA73E1904A}"
EndProject
Project("{FAE04EC0-301F-11D3-BF4B-00C04F79EFBC}") = "Entidades", "Entidades\Entidades.csproj", "{4C4DA7E6-113D-4D67-9965-AF232AC5275A}"
EndProject
Global
	GlobalSection(SolutionConfigurationPlatforms) = preSolution
		Debug|Any CPU = Debug|Any CPU
		Release|Any CPU = Release|Any CPU
	EndGlobalSection
	GlobalSection(ProjectConfigurationPlatforms) = postSolution
		{0B6F8EAF-0366-404E-9A37-92EA73E1904A}.Debug|Any CPU.ActiveCfg = Debug|Any CPU
		{0B6F8EAF-0366-404E-9A37-92EA73E1904A}.Debug|Any CPU.Build.0 = Debug|Any CPU
		{0B6F8EAF-0366-404E-9A37-92EA73E1904A}.Release|Any CPU.ActiveCfg = Release|Any CPU
		{0B6F8EAF-0366-404E-9A37-92EA73E1904A}.Release|Any CPU.Build.0 = Release|Any CPU
		{4C4DA7E6-113D-4D67-9965-AF232AC5275A}.Debug|Any CPU.ActiveCfg = Debug|Any CPU
		{4C4DA7E6-113D-4D67-9965-AF232AC5275A}.Debug|Any CPU.Build.0 = Debug|Any CPU
		{4C4DA7E6-113D-4D67-9965-AF232AC5275A}.Release|Any CPU.ActiveCfg = Release|Any CPU
		{4C4DA7E6-113D-4D67-9965-AF232AC5275A}.Release|Any CPU.Build.0 = Release|Any CPU
	EndGlobalSection
	GlobalSection(SolutionProperties) = preSolution
		HideSolutionNode = FALSE
	EndGlobalSection
	GlobalSection(ExtensibilityGlobals) = postSolution
		SolutionGuid = {A98FD891-B1D8-43E6-A7D8-AB9EE1F8503E}
	EndGlobalSection
EndGlobal
