
Microsoft Visual Studio Solution File, Format Version 12.00
# Visual Studio Version 16
VisualStudioVersion = 16.0.31321.278
MinimumVisualStudioVersion = 10.0.40219.1
Project("{FAE04EC0-301F-11D3-BF4B-00C04F79EFBC}") = "LaboratorioGUI", "Yamil.Palmiero.2C.TPFinal\LaboratorioGUI.csproj", "{F11DFC69-E58B-4384-AD2B-E1370EFE567D}"
EndProject
Project("{FAE04EC0-301F-11D3-BF4B-00C04F79EFBC}") = "Entidades", "Entidades\Entidades.csproj", "{DA5BDEC6-3843-45FF-928F-41858A8CAE7B}"
EndProject
Project("{FAE04EC0-301F-11D3-BF4B-00C04F79EFBC}") = "ConsolaTest", "ConsolaTest\ConsolaTest.csproj", "{0C7E0A0D-7049-416E-87DD-EC97C8E02D74}"
EndProject
Project("{FAE04EC0-301F-11D3-BF4B-00C04F79EFBC}") = "TestUnitarios", "TestUnitarios\TestUnitarios.csproj", "{88946B6B-6061-49CA-9597-5FFB229158F9}"
EndProject
Global
	GlobalSection(SolutionConfigurationPlatforms) = preSolution
		Debug|Any CPU = Debug|Any CPU
		Release|Any CPU = Release|Any CPU
	EndGlobalSection
	GlobalSection(ProjectConfigurationPlatforms) = postSolution
		{F11DFC69-E58B-4384-AD2B-E1370EFE567D}.Debug|Any CPU.ActiveCfg = Debug|Any CPU
		{F11DFC69-E58B-4384-AD2B-E1370EFE567D}.Debug|Any CPU.Build.0 = Debug|Any CPU
		{F11DFC69-E58B-4384-AD2B-E1370EFE567D}.Release|Any CPU.ActiveCfg = Release|Any CPU
		{F11DFC69-E58B-4384-AD2B-E1370EFE567D}.Release|Any CPU.Build.0 = Release|Any CPU
		{DA5BDEC6-3843-45FF-928F-41858A8CAE7B}.Debug|Any CPU.ActiveCfg = Debug|Any CPU
		{DA5BDEC6-3843-45FF-928F-41858A8CAE7B}.Debug|Any CPU.Build.0 = Debug|Any CPU
		{DA5BDEC6-3843-45FF-928F-41858A8CAE7B}.Release|Any CPU.ActiveCfg = Release|Any CPU
		{DA5BDEC6-3843-45FF-928F-41858A8CAE7B}.Release|Any CPU.Build.0 = Release|Any CPU
		{0C7E0A0D-7049-416E-87DD-EC97C8E02D74}.Debug|Any CPU.ActiveCfg = Debug|Any CPU
		{0C7E0A0D-7049-416E-87DD-EC97C8E02D74}.Debug|Any CPU.Build.0 = Debug|Any CPU
		{0C7E0A0D-7049-416E-87DD-EC97C8E02D74}.Release|Any CPU.ActiveCfg = Release|Any CPU
		{0C7E0A0D-7049-416E-87DD-EC97C8E02D74}.Release|Any CPU.Build.0 = Release|Any CPU
		{88946B6B-6061-49CA-9597-5FFB229158F9}.Debug|Any CPU.ActiveCfg = Debug|Any CPU
		{88946B6B-6061-49CA-9597-5FFB229158F9}.Debug|Any CPU.Build.0 = Debug|Any CPU
		{88946B6B-6061-49CA-9597-5FFB229158F9}.Release|Any CPU.ActiveCfg = Release|Any CPU
		{88946B6B-6061-49CA-9597-5FFB229158F9}.Release|Any CPU.Build.0 = Release|Any CPU
	EndGlobalSection
	GlobalSection(SolutionProperties) = preSolution
		HideSolutionNode = FALSE
	EndGlobalSection
	GlobalSection(ExtensibilityGlobals) = postSolution
		SolutionGuid = {A90DC389-BB09-4324-89D7-05B589AD36E9}
	EndGlobalSection
EndGlobal
