
Microsoft Visual Studio Solution File, Format Version 12.00
# Visual Studio Version 16
VisualStudioVersion = 16.0.31321.278
MinimumVisualStudioVersion = 10.0.40219.1
Project("{FAE04EC0-301F-11D3-BF4B-00C04F79EFBC}") = "Test", "Test\Test.csproj", "{AB74FCCA-12B5-4B52-AA3A-F4AD70D0D009}"
EndProject
Project("{FAE04EC0-301F-11D3-BF4B-00C04F79EFBC}") = "Entidades", "Entidades\Entidades.csproj", "{7BF03316-DBDA-4A5D-B091-772BB794130A}"
EndProject
Project("{FAE04EC0-301F-11D3-BF4B-00C04F79EFBC}") = "FrmOrdenProduccion", "FrmOrdenProduccion\FrmOrdenProduccion.csproj", "{79C53350-4949-415E-ABF7-BBAB8F0685FC}"
EndProject
Project("{FAE04EC0-301F-11D3-BF4B-00C04F79EFBC}") = "Test_Unitarios", "Test_Unitarios\Test_Unitarios.csproj", "{E1B0E9C3-A902-4F9F-8BE7-39D63F386B50}"
EndProject
Project("{FAE04EC0-301F-11D3-BF4B-00C04F79EFBC}") = "Excepciones", "Excepciones\Excepciones.csproj", "{CC27A24A-ACAD-498C-837B-126B3FB579C3}"
EndProject
Global
	GlobalSection(SolutionConfigurationPlatforms) = preSolution
		Debug|Any CPU = Debug|Any CPU
		Release|Any CPU = Release|Any CPU
	EndGlobalSection
	GlobalSection(ProjectConfigurationPlatforms) = postSolution
		{AB74FCCA-12B5-4B52-AA3A-F4AD70D0D009}.Debug|Any CPU.ActiveCfg = Debug|Any CPU
		{AB74FCCA-12B5-4B52-AA3A-F4AD70D0D009}.Debug|Any CPU.Build.0 = Debug|Any CPU
		{AB74FCCA-12B5-4B52-AA3A-F4AD70D0D009}.Release|Any CPU.ActiveCfg = Release|Any CPU
		{AB74FCCA-12B5-4B52-AA3A-F4AD70D0D009}.Release|Any CPU.Build.0 = Release|Any CPU
		{7BF03316-DBDA-4A5D-B091-772BB794130A}.Debug|Any CPU.ActiveCfg = Debug|Any CPU
		{7BF03316-DBDA-4A5D-B091-772BB794130A}.Debug|Any CPU.Build.0 = Debug|Any CPU
		{7BF03316-DBDA-4A5D-B091-772BB794130A}.Release|Any CPU.ActiveCfg = Release|Any CPU
		{7BF03316-DBDA-4A5D-B091-772BB794130A}.Release|Any CPU.Build.0 = Release|Any CPU
		{79C53350-4949-415E-ABF7-BBAB8F0685FC}.Debug|Any CPU.ActiveCfg = Debug|Any CPU
		{79C53350-4949-415E-ABF7-BBAB8F0685FC}.Debug|Any CPU.Build.0 = Debug|Any CPU
		{79C53350-4949-415E-ABF7-BBAB8F0685FC}.Release|Any CPU.ActiveCfg = Release|Any CPU
		{79C53350-4949-415E-ABF7-BBAB8F0685FC}.Release|Any CPU.Build.0 = Release|Any CPU
		{E1B0E9C3-A902-4F9F-8BE7-39D63F386B50}.Debug|Any CPU.ActiveCfg = Debug|Any CPU
		{E1B0E9C3-A902-4F9F-8BE7-39D63F386B50}.Debug|Any CPU.Build.0 = Debug|Any CPU
		{E1B0E9C3-A902-4F9F-8BE7-39D63F386B50}.Release|Any CPU.ActiveCfg = Release|Any CPU
		{E1B0E9C3-A902-4F9F-8BE7-39D63F386B50}.Release|Any CPU.Build.0 = Release|Any CPU
		{CC27A24A-ACAD-498C-837B-126B3FB579C3}.Debug|Any CPU.ActiveCfg = Debug|Any CPU
		{CC27A24A-ACAD-498C-837B-126B3FB579C3}.Debug|Any CPU.Build.0 = Debug|Any CPU
		{CC27A24A-ACAD-498C-837B-126B3FB579C3}.Release|Any CPU.ActiveCfg = Release|Any CPU
		{CC27A24A-ACAD-498C-837B-126B3FB579C3}.Release|Any CPU.Build.0 = Release|Any CPU
	EndGlobalSection
	GlobalSection(SolutionProperties) = preSolution
		HideSolutionNode = FALSE
	EndGlobalSection
	GlobalSection(ExtensibilityGlobals) = postSolution
		SolutionGuid = {8E6352B2-DA11-481E-A0CA-F8893265F592}
	EndGlobalSection
EndGlobal
